
Microsoft Visual Studio Solution File, Format Version 12.00
# Visual Studio Version 17
VisualStudioVersion = 17.9.34518.117
MinimumVisualStudioVersion = 10.0.40219.1
Project("{FAE04EC0-301F-11D3-BF4B-00C04F79EFBC}") = "USAddressStandardization", "USAddressStandardization\USAddressStandardization.csproj", "{408C2047-B77D-4B4C-AEB2-9366320E5167}"
EndProject
Global
	GlobalSection(SolutionConfigurationPlatforms) = preSolution
		Debug|Any CPU = Debug|Any CPU
		Release|Any CPU = Release|Any CPU
	EndGlobalSection
	GlobalSection(ProjectConfigurationPlatforms) = postSolution
		{408C2047-B77D-4B4C-AEB2-9366320E5167}.Debug|Any CPU.ActiveCfg = Debug|Any CPU
		{408C2047-B77D-4B4C-AEB2-9366320E5167}.Debug|Any CPU.Build.0 = Debug|Any CPU
		{408C2047-B77D-4B4C-AEB2-9366320E5167}.Release|Any CPU.ActiveCfg = Release|Any CPU
		{408C2047-B77D-4B4C-AEB2-9366320E5167}.Release|Any CPU.Build.0 = Release|Any CPU
	EndGlobalSection
	GlobalSection(SolutionProperties) = preSolution
		HideSolutionNode = FALSE
	EndGlobalSection
	GlobalSection(ExtensibilityGlobals) = postSolution
		SolutionGuid = {765A8848-5141-4F5A-A2F5-38CC5ECA7C92}
	EndGlobalSection
EndGlobal
